
Microsoft Visual Studio Solution File, Format Version 12.00
# Visual Studio 2013
VisualStudioVersion = 12.0.31101.0
MinimumVisualStudioVersion = 10.0.40219.1
Project("{FAE04EC0-301F-11D3-BF4B-00C04F79EFBC}") = "UnitTestingWithNBuilderAndFakeDbSet", "UnitTestingWithNBuilderAndFakeDbSet\UnitTestingWithNBuilderAndFakeDbSet.csproj", "{84862211-CB6A-4B01-8206-60E000B2750C}"
EndProject
Project("{FAE04EC0-301F-11D3-BF4B-00C04F79EFBC}") = "UnitTestingWithNBuilderAndFakeDbSet.Tests", "UnitTestingWithNBuilderAndFakeDbSet.Tests\UnitTestingWithNBuilderAndFakeDbSet.Tests.csproj", "{B8B48A18-E9A1-49CF-BDD2-9EE846C537D9}"
EndProject
Global
	GlobalSection(SolutionConfigurationPlatforms) = preSolution
		Debug|Any CPU = Debug|Any CPU
		Release|Any CPU = Release|Any CPU
	EndGlobalSection
	GlobalSection(ProjectConfigurationPlatforms) = postSolution
		{84862211-CB6A-4B01-8206-60E000B2750C}.Debug|Any CPU.ActiveCfg = Debug|Any CPU
		{84862211-CB6A-4B01-8206-60E000B2750C}.Debug|Any CPU.Build.0 = Debug|Any CPU
		{84862211-CB6A-4B01-8206-60E000B2750C}.Release|Any CPU.ActiveCfg = Release|Any CPU
		{84862211-CB6A-4B01-8206-60E000B2750C}.Release|Any CPU.Build.0 = Release|Any CPU
		{B8B48A18-E9A1-49CF-BDD2-9EE846C537D9}.Debug|Any CPU.ActiveCfg = Debug|Any CPU
		{B8B48A18-E9A1-49CF-BDD2-9EE846C537D9}.Debug|Any CPU.Build.0 = Debug|Any CPU
		{B8B48A18-E9A1-49CF-BDD2-9EE846C537D9}.Release|Any CPU.ActiveCfg = Release|Any CPU
		{B8B48A18-E9A1-49CF-BDD2-9EE846C537D9}.Release|Any CPU.Build.0 = Release|Any CPU
	EndGlobalSection
	GlobalSection(SolutionProperties) = preSolution
		HideSolutionNode = FALSE
	EndGlobalSection
EndGlobal
